
Microsoft Visual Studio Solution File, Format Version 12.00
# Visual Studio Version 17
VisualStudioVersion = 17.14.36429.23 d17.14
MinimumVisualStudioVersion = 10.0.40219.1
Project("{FAE04EC0-301F-11D3-BF4B-00C04F79EFBC}") = "Webapppelda", "Webapppelda\Webapppelda.csproj", "{B8A69EBB-FB2F-4707-AC97-6482B622631D}"
EndProject
Global
	GlobalSection(SolutionConfigurationPlatforms) = preSolution
		Debug|Any CPU = Debug|Any CPU
		Release|Any CPU = Release|Any CPU
	EndGlobalSection
	GlobalSection(ProjectConfigurationPlatforms) = postSolution
		{B8A69EBB-FB2F-4707-AC97-6482B622631D}.Debug|Any CPU.ActiveCfg = Debug|Any CPU
		{B8A69EBB-FB2F-4707-AC97-6482B622631D}.Debug|Any CPU.Build.0 = Debug|Any CPU
		{B8A69EBB-FB2F-4707-AC97-6482B622631D}.Release|Any CPU.ActiveCfg = Release|Any CPU
		{B8A69EBB-FB2F-4707-AC97-6482B622631D}.Release|Any CPU.Build.0 = Release|Any CPU
	EndGlobalSection
	GlobalSection(SolutionProperties) = preSolution
		HideSolutionNode = FALSE
	EndGlobalSection
	GlobalSection(ExtensibilityGlobals) = postSolution
		SolutionGuid = {9F82165F-284C-48EA-97D6-9DC77442BEB9}
	EndGlobalSection
EndGlobal
